# THIS IS AN AUTOGENERATED FILE. DO NOT EDIT THIS FILE DIRECTLY.
# yarn lockfile v1


"@types/node@^12.7.8":
  version "12.7.8"
  resolved "https://registry.yarnpkg.com/@types/node/-/node-12.7.8.tgz#cb1bf6800238898bc2ff6ffa5702c3cadd350708"
  integrity sha512-FMdVn84tJJdV+xe+53sYiZS4R5yn1mAIxfj+DVoNiQjTYz1+OYmjwEZr1ev9nU0axXwda0QDbYl06QHanRVH3A==

iconv-lite@^0.5.0:
  version "0.5.0"
  resolved "https://registry.yarnpkg.com/iconv-lite/-/iconv-lite-0.5.0.tgz#59cdde0a2a297cc2aeb0c6445a195ee89f127550"
  integrity sha512-NnEhI9hIEKHOzJ4f697DMz9IQEXr/MMJ5w64vN2/4Ai+wRnvV7SBrL0KLoRlwaKVghOc7LQ5YkPLuX146b6Ydw==
  dependencies:
    safer-buffer ">= 2.1.2 < 3"

"safer-buffer@>= 2.1.2 < 3":
  version "2.1.2"
  resolved "https://registry.yarnpkg.com/safer-buffer/-/safer-buffer-2.1.2.tgz#44fa161b0187b9549dd84bb91802f9bd8385cd6a"
  integrity sha512-YZo3K82SD7Riyi0E1EQPojLz7kpepnSQI9IyPbHHg1XXXevb5dJI7tpyN2ADxGcQbHG7vcyRHk0cbwqcQriUtg==

typescript@^3.6.3:
  version "3.6.3"
  resolved "https://registry.yarnpkg.com/typescript/-/typescript-3.6.3.tgz#fea942fabb20f7e1ca7164ff626f1a9f3f70b4da"
  integrity sha512-N7bceJL1CtRQ2RiG0AQME13ksR7DiuQh/QehubYcghzv20tnh+MQnQIuJddTmsbqYj+dztchykemz0zFzlvdQw==
